
Microsoft Visual Studio Solution File, Format Version 12.00
# Visual Studio Version 16
VisualStudioVersion = 16.0.29009.5
MinimumVisualStudioVersion = 10.0.40219.1
Project("{FAE04EC0-301F-11D3-BF4B-00C04F79EFBC}") = "TMP2019", "TMP2019.csproj", "{1E7B2103-03B1-4688-ABC3-1AF5E1E5C130}"
EndProject
Global
	GlobalSection(SolutionConfigurationPlatforms) = preSolution
		Debug|Any CPU = Debug|Any CPU
		Release|Any CPU = Release|Any CPU
	EndGlobalSection
	GlobalSection(ProjectConfigurationPlatforms) = postSolution
		{1E7B2103-03B1-4688-ABC3-1AF5E1E5C130}.Debug|Any CPU.ActiveCfg = Debug|Any CPU
		{1E7B2103-03B1-4688-ABC3-1AF5E1E5C130}.Debug|Any CPU.Build.0 = Debug|Any CPU
		{1E7B2103-03B1-4688-ABC3-1AF5E1E5C130}.Release|Any CPU.ActiveCfg = Release|Any CPU
		{1E7B2103-03B1-4688-ABC3-1AF5E1E5C130}.Release|Any CPU.Build.0 = Release|Any CPU
	EndGlobalSection
	GlobalSection(SolutionProperties) = preSolution
		HideSolutionNode = FALSE
	EndGlobalSection
	GlobalSection(ExtensibilityGlobals) = postSolution
		SolutionGuid = {A3F770B8-D911-41CC-98F8-1F0E575B1757}
	EndGlobalSection
EndGlobal
